
Microsoft Visual Studio Solution File, Format Version 9.00
# Visual Studio 2005
Project("{8BC9CEB8-8B4A-11D0-8D11-00A0C91BC942}") = "statistic", "statistic\statistic.vcproj", "{583A4C78-A7D4-40A2-A242-8D203B51401E}"
EndProject
Global
	GlobalSection(SolutionConfigurationPlatforms) = preSolution
		Debug|Win32 = Debug|Win32
		Release|Win32 = Release|Win32
	EndGlobalSection
	GlobalSection(ProjectConfigurationPlatforms) = postSolution
		{583A4C78-A7D4-40A2-A242-8D203B51401E}.Debug|Win32.ActiveCfg = Debug|Win32
		{583A4C78-A7D4-40A2-A242-8D203B51401E}.Debug|Win32.Build.0 = Debug|Win32
		{583A4C78-A7D4-40A2-A242-8D203B51401E}.Release|Win32.ActiveCfg = Release|Win32
		{583A4C78-A7D4-40A2-A242-8D203B51401E}.Release|Win32.Build.0 = Release|Win32
	EndGlobalSection
	GlobalSection(SolutionProperties) = preSolution
		HideSolutionNode = FALSE
	EndGlobalSection
EndGlobal
