<?xml version="1.0" encoding="utf-8"?>
<Project ToolsVersion="4.0" xmlns="http://schemas.microsoft.com/developer/msbuild/2003">
  <ItemGroup>
    <Filter Include="Source Files">
      <UniqueIdentifier>{4FC737F1-C7A5-4376-A066-2A32D752A2FF}</UniqueIdentifier>
      <Extensions>cpp;c;cc;cxx;def;odl;idl;hpj;bat;asm;asmx</Extensions>
    </Filter>
    <Filter Include="Source Files\Commands">
      <UniqueIdentifier>{efe7ff2f-d421-419a-bef0-934e929f78a3}</UniqueIdentifier>
    </Filter>
    <Filter Include="Source Files\Variables">
      <UniqueIdentifier>{66d59292-e4d2-42c2-a6d8-8f75e6beeaa6}</UniqueIdentifier>
    </Filter>
    <Filter Include="Header Files">
      <UniqueIdentifier>{93995380-89BD-4b04-88EB-625FBE52EBFB}</UniqueIdentifier>
      <Extensions>h;hpp;hxx;hm;inl;inc;xsd</Extensions>
    </Filter>
    <Filter Include="Header Files\Commands">
      <UniqueIdentifier>{02fb5827-558f-4f9d-9f6e-21039d2094b0}</UniqueIdentifier>
    </Filter>
    <Filter Include="Header Files\Variables">
      <UniqueIdentifier>{ec08e19d-0687-4c50-9ed7-02ba066967c5}</UniqueIdentifier>
    </Filter>
    <Filter Include="Resource Files">
      <UniqueIdentifier>{67DA6AB6-F800-4c08-8B7A-83BB121AAD01}</UniqueIdentifier>
      <Extensions>rc;ico;cur;bmp;dlg;rc2;rct;bin;rgs;gif;jpg;jpeg;jpe;resx;tiff;tif;png;wav</Extensions>
    </Filter>
  </ItemGroup>
  <ItemGroup>
    <ClCompile Include="C_Command_Chdir.cpp">
      <Filter>Source Files</Filter>
    </ClCompile>
    <ClCompile Include="C_Command_Crackdetection.cpp">
      <Filter>Source Files</Filter>
    </ClCompile>
    <ClCompile Include="C_Command_Cutroi.cpp">
      <Filter>Source Files</Filter>
    </ClCompile>
    <ClCompile Include="C_Command_Dm.cpp">
      <Filter>Source Files</Filter>
    </ClCompile>
    <ClCompile Include="C_Command_Eth.cpp">
      <Filter>Source Files</Filter>
    </ClCompile>
    <ClCompile Include="C_Command_FastMedianqs.cpp">
      <Filter>Source Files</Filter>
    </ClCompile>
    <ClCompile Include="C_Command_Features.cpp">
      <Filter>Source Files</Filter>
    </ClCompile>
    <ClCompile Include="C_Command_Fftfilt.cpp">
      <Filter>Source Files</Filter>
    </ClCompile>
    <ClCompile Include="C_Command_Fillholes.cpp">
      <Filter>Source Files</Filter>
    </ClCompile>
    <ClCompile Include="C_Command_Gth.cpp">
      <Filter>Source Files</Filter>
    </ClCompile>
    <ClCompile Include="C_Command_Hist.cpp">
      <Filter>Source Files</Filter>
    </ClCompile>
    <ClCompile Include="C_Command_Imwrite.cpp">
      <Filter>Source Files</Filter>
    </ClCompile>
    <ClCompile Include="C_Command_Ith.cpp">
      <Filter>Source Files</Filter>
    </ClCompile>
    <ClCompile Include="C_Command_Matrixread.cpp">
      <Filter>Source Files</Filter>
    </ClCompile>
    <ClCompile Include="C_Command_Matrixwrite.cpp">
      <Filter>Source Files</Filter>
    </ClCompile>
    <ClCompile Include="C_Command_Median.cpp">
      <Filter>Source Files</Filter>
    </ClCompile>
    <ClCompile Include="C_Command_Neural.cpp">
      <Filter>Source Files</Filter>
    </ClCompile>
    <ClCompile Include="C_Command_Nth.cpp">
      <Filter>Source Files</Filter>
    </ClCompile>
    <ClCompile Include="C_Command_Oth.cpp">
      <Filter>Source Files</Filter>
    </ClCompile>
    <ClCompile Include="C_Command_Outline.cpp">
      <Filter>Source Files</Filter>
    </ClCompile>
    <ClCompile Include="C_Command_Particals.cpp">
      <Filter>Source Files</Filter>
    </ClCompile>
    <ClCompile Include="C_Command_Prewitt.cpp">
      <Filter>Source Files</Filter>
    </ClCompile>
    <ClCompile Include="C_Command_Roberts.cpp">
      <Filter>Source Files</Filter>
    </ClCompile>
    <ClCompile Include="C_Command_Savefeatures.cpp">
      <Filter>Source Files</Filter>
    </ClCompile>
    <ClCompile Include="C_Command_Showfeatures.cpp">
      <Filter>Source Files</Filter>
    </ClCompile>
    <ClCompile Include="C_Command_Sobel.cpp">
      <Filter>Source Files</Filter>
    </ClCompile>
    <ClCompile Include="C_Command_Sth.cpp">
      <Filter>Source Files</Filter>
    </ClCompile>
    <ClCompile Include="C_Command_Thread.cpp">
      <Filter>Source Files</Filter>
    </ClCompile>
    <ClCompile Include="C_Commans_ISeePort.cpp">
      <Filter>Source Files</Filter>
    </ClCompile>
    <ClCompile Include="C_Error.cpp">
      <Filter>Source Files</Filter>
    </ClCompile>
    <ClCompile Include="C_Image_Container.cpp">
      <Filter>Source Files</Filter>
    </ClCompile>
    <ClCompile Include="C_InterpBase.cpp">
      <Filter>Source Files</Filter>
    </ClCompile>
    <ClCompile Include="C_Line.cpp">
      <Filter>Source Files</Filter>
    </ClCompile>
    <ClCompile Include="C_Matrix_Container.cpp">
      <Filter>Source Files</Filter>
    </ClCompile>
    <ClCompile Include="C_Variable_Matrixwrite.cpp">
      <Filter>Source Files</Filter>
    </ClCompile>
    <ClCompile Include="DataTypes.cpp">
      <Filter>Source Files</Filter>
    </ClCompile>
    <ClCompile Include="Interpreter.cpp">
      <Filter>Source Files</Filter>
    </ClCompile>
    <ClCompile Include="stdafx.cpp">
      <Filter>Source Files</Filter>
    </ClCompile>
    <ClCompile Include="C_Command_Add.cpp">
      <Filter>Source Files\Commands</Filter>
    </ClCompile>
    <ClCompile Include="C_Command_Dilate.cpp">
      <Filter>Source Files\Commands</Filter>
    </ClCompile>
    <ClCompile Include="C_Command_Erode.cpp">
      <Filter>Source Files\Commands</Filter>
    </ClCompile>
    <ClCompile Include="C_Command_Filter2d.cpp">
      <Filter>Source Files\Commands</Filter>
    </ClCompile>
    <ClCompile Include="C_Command_GLshow.cpp">
      <Filter>Source Files\Commands</Filter>
    </ClCompile>
    <ClCompile Include="C_Command_Imadd.cpp">
      <Filter>Source Files\Commands</Filter>
    </ClCompile>
    <ClCompile Include="C_Command_Imclose.cpp">
      <Filter>Source Files\Commands</Filter>
    </ClCompile>
    <ClCompile Include="C_Command_Immulti.cpp">
      <Filter>Source Files\Commands</Filter>
    </ClCompile>
    <ClCompile Include="C_Command_Imread.cpp">
      <Filter>Source Files\Commands</Filter>
    </ClCompile>
    <ClCompile Include="C_Command_Imshow.cpp">
      <Filter>Source Files\Commands</Filter>
    </ClCompile>
    <ClCompile Include="C_Command_Imsub.cpp">
      <Filter>Source Files\Commands</Filter>
    </ClCompile>
    <ClCompile Include="C_Command_Load.cpp">
      <Filter>Source Files\Commands</Filter>
    </ClCompile>
    <ClCompile Include="C_Command_SaveImageM.cpp">
      <Filter>Source Files\Commands</Filter>
    </ClCompile>
    <ClCompile Include="C_Command_Sin.cpp">
      <Filter>Source Files\Commands</Filter>
    </ClCompile>
    <ClCompile Include="C_Command_Th.cpp">
      <Filter>Source Files\Commands</Filter>
    </ClCompile>
    <ClCompile Include="C_Commands.cpp">
      <Filter>Source Files\Commands</Filter>
    </ClCompile>
    <ClCompile Include="C_Variables.cpp">
      <Filter>Source Files\Variables</Filter>
    </ClCompile>
    <ClCompile Include="C_Variables_Image.cpp">
      <Filter>Source Files\Variables</Filter>
    </ClCompile>
    <ClCompile Include="C_Variables_Matrix.cpp">
      <Filter>Source Files\Variables</Filter>
    </ClCompile>
    <ClCompile Include="C_Variables_Number.cpp">
      <Filter>Source Files\Variables</Filter>
    </ClCompile>
    <ClCompile Include="C_Variables_String.cpp">
      <Filter>Source Files\Variables</Filter>
    </ClCompile>
  </ItemGroup>
  <ItemGroup>
    <ClInclude Include="C_Command_Chdir.h">
      <Filter>Header Files</Filter>
    </ClInclude>
    <ClInclude Include="C_Command_Crackdetection.h">
      <Filter>Header Files</Filter>
    </ClInclude>
    <ClInclude Include="C_Command_Cutroi.h">
      <Filter>Header Files</Filter>
    </ClInclude>
    <ClInclude Include="C_Command_Dm.h">
      <Filter>Header Files</Filter>
    </ClInclude>
    <ClInclude Include="C_Command_Eth.h">
      <Filter>Header Files</Filter>
    </ClInclude>
    <ClInclude Include="C_Command_FastMedianqs.h">
      <Filter>Header Files</Filter>
    </ClInclude>
    <ClInclude Include="C_Command_Features.h">
      <Filter>Header Files</Filter>
    </ClInclude>
    <ClInclude Include="C_Command_Fftfilt.h">
      <Filter>Header Files</Filter>
    </ClInclude>
    <ClInclude Include="C_Command_Fillholes.h">
      <Filter>Header Files</Filter>
    </ClInclude>
    <ClInclude Include="C_Command_Gth.h">
      <Filter>Header Files</Filter>
    </ClInclude>
    <ClInclude Include="C_Command_Hist.h">
      <Filter>Header Files</Filter>
    </ClInclude>
    <ClInclude Include="C_Command_Imwrite.h">
      <Filter>Header Files</Filter>
    </ClInclude>
    <ClInclude Include="C_Command_Ith.h">
      <Filter>Header Files</Filter>
    </ClInclude>
    <ClInclude Include="C_Command_Matrixread.h">
      <Filter>Header Files</Filter>
    </ClInclude>
    <ClInclude Include="C_Command_Matrixwrite.h">
      <Filter>Header Files</Filter>
    </ClInclude>
    <ClInclude Include="C_Command_Median.h">
      <Filter>Header Files</Filter>
    </ClInclude>
    <ClInclude Include="C_Command_Neural.h">
      <Filter>Header Files</Filter>
    </ClInclude>
    <ClInclude Include="C_Command_Nth.h">
      <Filter>Header Files</Filter>
    </ClInclude>
    <ClInclude Include="C_Command_Oth.h">
      <Filter>Header Files</Filter>
    </ClInclude>
    <ClInclude Include="C_Command_Outline.h">
      <Filter>Header Files</Filter>
    </ClInclude>
    <ClInclude Include="C_Command_Particals.h">
      <Filter>Header Files</Filter>
    </ClInclude>
    <ClInclude Include="C_Command_Prewitt.h">
      <Filter>Header Files</Filter>
    </ClInclude>
    <ClInclude Include="C_Command_Roberts.h">
      <Filter>Header Files</Filter>
    </ClInclude>
    <ClInclude Include="C_Command_Savefeatures.h">
      <Filter>Header Files</Filter>
    </ClInclude>
    <ClInclude Include="C_Command_Showfeatures.h">
      <Filter>Header Files</Filter>
    </ClInclude>
    <ClInclude Include="C_Command_Sobel.h">
      <Filter>Header Files</Filter>
    </ClInclude>
    <ClInclude Include="C_Command_Sth.h">
      <Filter>Header Files</Filter>
    </ClInclude>
    <ClInclude Include="C_Command_Thread.h">
      <Filter>Header Files</Filter>
    </ClInclude>
    <ClInclude Include="C_Commans_ISeePort.h">
      <Filter>Header Files</Filter>
    </ClInclude>
    <ClInclude Include="C_Error.h">
      <Filter>Header Files</Filter>
    </ClInclude>
    <ClInclude Include="C_Image_Container.h">
      <Filter>Header Files</Filter>
    </ClInclude>
    <ClInclude Include="C_InterpBase.h">
      <Filter>Header Files</Filter>
    </ClInclude>
    <ClInclude Include="C_Line.h">
      <Filter>Header Files</Filter>
    </ClInclude>
    <ClInclude Include="C_Matrix_Container.h">
      <Filter>Header Files</Filter>
    </ClInclude>
    <ClInclude Include="C_Variable_Matrixwrite.h">
      <Filter>Header Files</Filter>
    </ClInclude>
    <ClInclude Include="DataTypes.h">
      <Filter>Header Files</Filter>
    </ClInclude>
    <ClInclude Include="Interpreter.h">
      <Filter>Header Files</Filter>
    </ClInclude>
    <ClInclude Include="Resource.h">
      <Filter>Header Files</Filter>
    </ClInclude>
    <ClInclude Include="stdafx.h">
      <Filter>Header Files</Filter>
    </ClInclude>
    <ClInclude Include="C_Command_Add.h">
      <Filter>Header Files\Commands</Filter>
    </ClInclude>
    <ClInclude Include="C_Command_Dilate.h">
      <Filter>Header Files\Commands</Filter>
    </ClInclude>
    <ClInclude Include="C_Command_Erode.h">
      <Filter>Header Files\Commands</Filter>
    </ClInclude>
    <ClInclude Include="C_Command_Filter2d.h">
      <Filter>Header Files\Commands</Filter>
    </ClInclude>
    <ClInclude Include="C_Command_GLshow.h">
      <Filter>Header Files\Commands</Filter>
    </ClInclude>
    <ClInclude Include="C_Command_Imadd.h">
      <Filter>Header Files\Commands</Filter>
    </ClInclude>
    <ClInclude Include="C_Command_Imclose.h">
      <Filter>Header Files\Commands</Filter>
    </ClInclude>
    <ClInclude Include="C_Command_Immulti.h">
      <Filter>Header Files\Commands</Filter>
    </ClInclude>
    <ClInclude Include="C_Command_Imread.h">
      <Filter>Header Files\Commands</Filter>
    </ClInclude>
    <ClInclude Include="C_Command_Imshow.h">
      <Filter>Header Files\Commands</Filter>
    </ClInclude>
    <ClInclude Include="C_Command_Imsub.h">
      <Filter>Header Files\Commands</Filter>
    </ClInclude>
    <ClInclude Include="C_Command_Load.h">
      <Filter>Header Files\Commands</Filter>
    </ClInclude>
    <ClInclude Include="C_Command_SaveImageM.h">
      <Filter>Header Files\Commands</Filter>
    </ClInclude>
    <ClInclude Include="C_Command_Sin.h">
      <Filter>Header Files\Commands</Filter>
    </ClInclude>
    <ClInclude Include="C_Command_Th.h">
      <Filter>Header Files\Commands</Filter>
    </ClInclude>
    <ClInclude Include="C_Commands.h">
      <Filter>Header Files\Commands</Filter>
    </ClInclude>
    <ClInclude Include="C_Variables.h">
      <Filter>Header Files\Variables</Filter>
    </ClInclude>
    <ClInclude Include="C_Variables_Image.h">
      <Filter>Header Files\Variables</Filter>
    </ClInclude>
    <ClInclude Include="C_Variables_Matrix.h">
      <Filter>Header Files\Variables</Filter>
    </ClInclude>
    <ClInclude Include="C_Variables_Number.h">
      <Filter>Header Files\Variables</Filter>
    </ClInclude>
    <ClInclude Include="C_Variables_String.h">
      <Filter>Header Files\Variables</Filter>
    </ClInclude>
  </ItemGroup>
  <ItemGroup>
    <ResourceCompile Include="Interpreter.rc">
      <Filter>Resource Files</Filter>
    </ResourceCompile>
  </ItemGroup>
  <ItemGroup>
    <None Include="ReadMe.txt" />
  </ItemGroup>
</Project>